{
	"name": "fine-foods",
	"version": "0.1.0",
	"lockfileVersion": 1,
	"requires": true,
	"dependencies": {
		"@testing-library/jest-dom": {
			"version": "5.14.1",
			"resolved": "https://registry.npmjs.org/@testing-library/jest-dom/-/jest-dom-5.14.1.tgz",
			"integrity": "sha512-dfB7HVIgTNCxH22M1+KU6viG5of2ldoA5ly8Ar8xkezKHKXjRvznCdbMbqjYGgO2xjRbwnR+rR8MLUIqF3kKbQ==",
			"requires": {
				"@babel/runtime": "^7.9.2",
				"@types/testing-library__jest-dom": "^5.9.1",
				"aria-query": "^4.2.2",
				"chalk": "^3.0.0",
				"css": "^3.0.0",
				"css.escape": "^1.5.1",
				"dom-accessibility-api": "^0.5.6",
				"lodash": "^4.17.15",
				"redent": "^3.0.0"
			},
			"dependencies": {
				"@babel/runtime": {
					"version": "7.15.4",
					"resolved": "https://registry.npmjs.org/@babel/runtime/-/runtime-7.15.4.tgz",
					"integrity": "sha512-99catp6bHCaxr4sJ/DbTGgHS4+Rs2RVd2g7iOap6SLGPDknRK9ztKNsE/Fg6QhSeh1FGE5f6gHGQmvvn3I3xhw==",
					"requires": {
						"regenerator-runtime": "^0.13.4"
					}
				},
				"@babel/runtime-corejs3": {
					"version": "7.15.4",
					"resolved": "https://registry.npmjs.org/@babel/runtime-corejs3/-/runtime-corejs3-7.15.4.tgz",
					"integrity": "sha512-lWcAqKeB624/twtTc3w6w/2o9RqJPaNBhPGK6DKLSiwuVWC7WFkypWyNg+CpZoyJH0jVzv1uMtXZ/5/lQOLtCg==",
					"requires": {
						"core-js-pure": "^3.16.0",
						"regenerator-runtime": "^0.13.4"
					}
				},
				"@jest/types": {
					"version": "27.2.5",
					"resolved": "https://registry.npmjs.org/@jest/types/-/types-27.2.5.tgz",
					"integrity": "sha512-nmuM4VuDtCZcY+eTpw+0nvstwReMsjPoj7ZR80/BbixulhLaiX+fbv8oeLW8WZlJMcsGQsTmMKT/iTZu1Uy/lQ==",
					"requires": {
						"@types/istanbul-lib-coverage": "^2.0.0",
						"@types/istanbul-reports": "^3.0.0",
						"@types/node": "*",
						"@types/yargs": "^16.0.0",
						"chalk": "^4.0.0"
					},
					"dependencies": {
						"chalk": {
							"version": "4.1.2",
							"resolved": "https://registry.npmjs.org/chalk/-/chalk-4.1.2.tgz",
							"integrity": "sha512-oKnbhFyRIXpUuez8iBMmyEa4nbj4IOQyuhc/wy9kY7/WVPcwIO9VA668Pu8RkO7+0G76SLROeyw9CpQ061i4mA==",
							"requires": {
								"ansi-styles": "^4.1.0",
								"supports-color": "^7.1.0"
							}
						}
					}
				},
				"@types/istanbul-lib-coverage": {
					"version": "2.0.3",
					"resolved": "https://registry.npmjs.org/@types/istanbul-lib-coverage/-/istanbul-lib-coverage-2.0.3.tgz",
					"integrity": "sha512-sz7iLqvVUg1gIedBOvlkxPlc8/uVzyS5OwGz1cKjXzkl3FpL3al0crU8YGU1WoHkxn0Wxbw5tyi6hvzJKNzFsw=="
				},
				"@types/istanbul-lib-report": {
					"version": "3.0.0",
					"resolved": "https://registry.npmjs.org/@types/istanbul-lib-report/-/istanbul-lib-report-3.0.0.tgz",
					"integrity": "sha512-plGgXAPfVKFoYfa9NpYDAkseG+g6Jr294RqeqcqDixSbU34MZVJRi/P+7Y8GDpzkEwLaGZZOpKIEmeVZNtKsrg==",
					"requires": {
						"@types/istanbul-lib-coverage": "*"
					}
				},
				"@types/istanbul-reports": {
					"version": "3.0.1",
					"resolved": "https://registry.npmjs.org/@types/istanbul-reports/-/istanbul-reports-3.0.1.tgz",
					"integrity": "sha512-c3mAZEuK0lvBp8tmuL74XRKn1+y2dcwOUpH7x4WrF6gk1GIgiluDRgMYQtw2OFcBvAJWlt6ASU3tSqxp0Uu0Aw==",
					"requires": {
						"@types/istanbul-lib-report": "*"
					}
				},
				"@types/jest": {
					"version": "27.0.2",
					"resolved": "https://registry.npmjs.org/@types/jest/-/jest-27.0.2.tgz",
					"integrity": "sha512-4dRxkS/AFX0c5XW6IPMNOydLn2tEhNhJV7DnYK+0bjoJZ+QTmfucBlihX7aoEsh/ocYtkLC73UbnBXBXIxsULA==",
					"requires": {
						"jest-diff": "^27.0.0",
						"pretty-format": "^27.0.0"
					}
				},
				"@types/node": {
					"version": "16.11.1",
					"resolved": "https://registry.npmjs.org/@types/node/-/node-16.11.1.tgz",
					"integrity": "sha512-PYGcJHL9mwl1Ek3PLiYgyEKtwTMmkMw4vbiyz/ps3pfdRYLVv+SN7qHVAImrjdAXxgluDEw6Ph4lyv+m9UpRmA=="
				},
				"@types/testing-library__jest-dom": {
					"version": "5.14.1",
					"resolved": "https://registry.npmjs.org/@types/testing-library__jest-dom/-/testing-library__jest-dom-5.14.1.tgz",
					"integrity": "sha512-Gk9vaXfbzc5zCXI9eYE9BI5BNHEp4D3FWjgqBE/ePGYElLAP+KvxBcsdkwfIVvezs605oiyd/VrpiHe3Oeg+Aw==",
					"requires": {
						"@types/jest": "*"
					}
				},
				"@types/yargs": {
					"version": "16.0.4",
					"resolved": "https://registry.npmjs.org/@types/yargs/-/yargs-16.0.4.tgz",
					"integrity": "sha512-T8Yc9wt/5LbJyCaLiHPReJa0kApcIgJ7Bn735GjItUfh08Z1pJvu8QZqb9s+mMvKV6WUQRV7K2R46YbjMXTTJw==",
					"requires": {
						"@types/yargs-parser": "*"
					}
				},
				"@types/yargs-parser": {
					"version": "20.2.1",
					"resolved": "https://registry.npmjs.org/@types/yargs-parser/-/yargs-parser-20.2.1.tgz",
					"integrity": "sha512-7tFImggNeNBVMsn0vLrpn1H1uPrUBdnARPTpZoitY37ZrdJREzf7I16tMrlK3hen349gr1NYh8CmZQa7CTG6Aw=="
				},
				"ansi-regex": {
					"version": "5.0.1",
					"resolved": "https://registry.npmjs.org/ansi-regex/-/ansi-regex-5.0.1.tgz",
					"integrity": "sha512-quJQXlTSUGL2LH9SUXo8VwsY4soanhgo6LNSm84E1LBcE8s3O0wpdiRzyR9z/ZZJMlMWv37qOOb9pdJlMUEKFQ=="
				},
				"ansi-styles": {
					"version": "4.3.0",
					"resolved": "https://registry.npmjs.org/ansi-styles/-/ansi-styles-4.3.0.tgz",
					"integrity": "sha512-zbB9rCJAT1rbjiVDb2hqKFHNYLxgtk8NURxZ3IZwD3F6NtxbXZQCnnSi1Lkx+IDohdPlFp222wVALIheZJQSEg==",
					"requires": {
						"color-convert": "^2.0.1"
					}
				},
				"aria-query": {
					"version": "4.2.2",
					"resolved": "https://registry.npmjs.org/aria-query/-/aria-query-4.2.2.tgz",
					"integrity": "sha512-o/HelwhuKpTj/frsOsbNLNgnNGVIFsVP/SW2BSF14gVl7kAfMOJ6/8wUAUvG1R1NHKrfG+2sHZTu0yauT1qBrA==",
					"requires": {
						"@babel/runtime": "^7.10.2",
						"@babel/runtime-corejs3": "^7.10.2"
					}
				},
				"atob": {
					"version": "2.1.2",
					"resolved": "https://registry.npmjs.org/atob/-/atob-2.1.2.tgz",
					"integrity": "sha512-Wm6ukoaOGJi/73p/cl2GvLjTI5JM1k/O14isD73YML8StrH/7/lRFgmg8nICZgD3bZZvjwCGxtMOD3wWNAu8cg=="
				},
				"chalk": {
					"version": "3.0.0",
					"resolved": "https://registry.npmjs.org/chalk/-/chalk-3.0.0.tgz",
					"integrity": "sha512-4D3B6Wf41KOYRFdszmDqMCGq5VV/uMAB273JILmO+3jAlh8X4qDtdtgCR3fxtbLEMzSx22QdhnDcJvu2u1fVwg==",
					"requires": {
						"ansi-styles": "^4.1.0",
						"supports-color": "^7.1.0"
					}
				},
				"color-convert": {
					"version": "2.0.1",
					"resolved": "https://registry.npmjs.org/color-convert/-/color-convert-2.0.1.tgz",
					"integrity": "sha512-RRECPsj7iu/xb5oKYcsFHSppFNnsj/52OVTRKb4zP5onXwVF3zVmmToNcOfGC+CRDpfK/U584fMg38ZHCaElKQ==",
					"requires": {
						"color-name": "~1.1.4"
					}
				},
				"color-name": {
					"version": "1.1.4",
					"resolved": "https://registry.npmjs.org/color-name/-/color-name-1.1.4.tgz",
					"integrity": "sha512-dOy+3AuW3a2wNbZHIuMZpTcgjGuLU/uBL/ubcZF9OXbDo8ff4O8yVp5Bf0efS8uEoYo5q4Fx7dY9OgQGXgAsQA=="
				},
				"core-js-pure": {
					"version": "3.18.3",
					"resolved": "https://registry.npmjs.org/core-js-pure/-/core-js-pure-3.18.3.tgz",
					"integrity": "sha512-qfskyO/KjtbYn09bn1IPkuhHl5PlJ6IzJ9s9sraJ1EqcuGyLGKzhSM1cY0zgyL9hx42eulQLZ6WaeK5ycJCkqw=="
				},
				"css": {
					"version": "3.0.0",
					"resolved": "https://registry.npmjs.org/css/-/css-3.0.0.tgz",
					"integrity": "sha512-DG9pFfwOrzc+hawpmqX/dHYHJG+Bsdb0klhyi1sDneOgGOXy9wQIC8hzyVp1e4NRYDBdxcylvywPkkXCHAzTyQ==",
					"requires": {
						"inherits": "^2.0.4",
						"source-map": "^0.6.1",
						"source-map-resolve": "^0.6.0"
					}
				},
				"css.escape": {
					"version": "1.5.1",
					"resolved": "https://registry.npmjs.org/css.escape/-/css.escape-1.5.1.tgz",
					"integrity": "sha1-QuJ9T6BK4y+TGktNQZH6nN3ul8s="
				},
				"decode-uri-component": {
					"version": "0.2.0",
					"resolved": "https://registry.npmjs.org/decode-uri-component/-/decode-uri-component-0.2.0.tgz",
					"integrity": "sha1-6zkTMzRYd1y4TNGh+uBiEGu4dUU="
				},
				"diff-sequences": {
					"version": "27.0.6",
					"resolved": "https://registry.npmjs.org/diff-sequences/-/diff-sequences-27.0.6.tgz",
					"integrity": "sha512-ag6wfpBFyNXZ0p8pcuIDS//D8H062ZQJ3fzYxjpmeKjnz8W4pekL3AI8VohmyZmsWW2PWaHgjsmqR6L13101VQ=="
				},
				"dom-accessibility-api": {
					"version": "0.5.8",
					"resolved": "https://registry.npmjs.org/dom-accessibility-api/-/dom-accessibility-api-0.5.8.tgz",
					"integrity": "sha512-rAfghuBPeJldxqsmZQtBbna4TqMgFe4xhYs24vPULNslbmXUdcga+CXiKWzZxyWw0FCkGKPgmizIysIvsAEN8w=="
				},
				"has-flag": {
					"version": "4.0.0",
					"resolved": "https://registry.npmjs.org/has-flag/-/has-flag-4.0.0.tgz",
					"integrity": "sha512-EykJT/Q1KjTWctppgIAgfSO0tKVuZUjhgMr17kqTumMl6Afv3EISleU7qZUzoXDFTAHTDC4NOoG/ZxU3EvlMPQ=="
				},
				"indent-string": {
					"version": "4.0.0",
					"resolved": "https://registry.npmjs.org/indent-string/-/indent-string-4.0.0.tgz",
					"integrity": "sha512-EdDDZu4A2OyIK7Lr/2zG+w5jmbuk1DVBnEwREQvBzspBJkCEbRa8GxU1lghYcaGJCnRWibjDXlq779X1/y5xwg=="
				},
				"inherits": {
					"version": "2.0.4",
					"resolved": "https://registry.npmjs.org/inherits/-/inherits-2.0.4.tgz",
					"integrity": "sha512-k/vGaX4/Yla3WzyMCvTQOXYeIHvqOKtnqBduzTHpzpQZzAskKMhZ2K+EnBiSM9zGSoIFeMpXKxa4dYeZIQqewQ=="
				},
				"jest-diff": {
					"version": "27.3.0",
					"resolved": "https://registry.npmjs.org/jest-diff/-/jest-diff-27.3.0.tgz",
					"integrity": "sha512-Nl2rE58B2ye+RvPcU4hN+6wBCHxX7aWz6RMTMFxe9jAg8ZueMj5QQ+T/nmHRutbBc5BEjrbbEWOrRzp9rUEsYA==",
					"requires": {
						"chalk": "^4.0.0",
						"diff-sequences": "^27.0.6",
						"jest-get-type": "^27.0.6",
						"pretty-format": "^27.3.0"
					},
					"dependencies": {
						"chalk": {
							"version": "4.1.2",
							"resolved": "https://registry.npmjs.org/chalk/-/chalk-4.1.2.tgz",
							"integrity": "sha512-oKnbhFyRIXpUuez8iBMmyEa4nbj4IOQyuhc/wy9kY7/WVPcwIO9VA668Pu8RkO7+0G76SLROeyw9CpQ061i4mA==",
							"requires": {
								"ansi-styles": "^4.1.0",
								"supports-color": "^7.1.0"
							}
						}
					}
				},
				"jest-get-type": {
					"version": "27.0.6",
					"resolved": "https://registry.npmjs.org/jest-get-type/-/jest-get-type-27.0.6.tgz",
					"integrity": "sha512-XTkK5exIeUbbveehcSR8w0bhH+c0yloW/Wpl+9vZrjzztCPWrxhHwkIFpZzCt71oRBsgxmuUfxEqOYoZI2macg=="
				},
				"lodash": {
					"version": "4.17.21",
					"resolved": "https://registry.npmjs.org/lodash/-/lodash-4.17.21.tgz",
					"integrity": "sha512-v2kDEe57lecTulaDIuNTPy3Ry4gLGJ6Z1O3vE1krgXZNrsQ+LFTGHVxVjcXPs17LhbZVGedAJv8XZ1tvj5FvSg=="
				},
				"min-indent": {
					"version": "1.0.1",
					"resolved": "https://registry.npmjs.org/min-indent/-/min-indent-1.0.1.tgz",
					"integrity": "sha512-I9jwMn07Sy/IwOj3zVkVik2JTvgpaykDZEigL6Rx6N9LbMywwUSMtxET+7lVoDLLd3O3IXwJwvuuns8UB/HeAg=="
				},
				"pretty-format": {
					"version": "27.3.0",
					"resolved": "https://registry.npmjs.org/pretty-format/-/pretty-format-27.3.0.tgz",
					"integrity": "sha512-Nkdd0xmxZdjCe6GoJomHnrLcCYGYzZKI/fRnUX0sCwDai2mmCHJfC9Ecx33lYgaxAFS/pJCAqhfxmWlm1wNVag==",
					"requires": {
						"@jest/types": "^27.2.5",
						"ansi-regex": "^5.0.1",
						"ansi-styles": "^5.0.0",
						"react-is": "^17.0.1"
					},
					"dependencies": {
						"ansi-styles": {
							"version": "5.2.0",
							"resolved": "https://registry.npmjs.org/ansi-styles/-/ansi-styles-5.2.0.tgz",
							"integrity": "sha512-Cxwpt2SfTzTtXcfOlzGEee8O+c+MmUgGrNiBcXnuWxuFJHe6a5Hz7qwhwe5OgaSYI0IJvkLqWX1ASG+cJOkEiA=="
						}
					}
				},
				"react-is": {
					"version": "17.0.2",
					"resolved": "https://registry.npmjs.org/react-is/-/react-is-17.0.2.tgz",
					"integrity": "sha512-w2GsyukL62IJnlaff/nRegPQR94C/XXamvMWmSHRJ4y7Ts/4ocGRmTHvOs8PSE6pB3dWOrD/nueuU5sduBsQ4w=="
				},
				"redent": {
					"version": "3.0.0",
					"resolved": "https://registry.npmjs.org/redent/-/redent-3.0.0.tgz",
					"integrity": "sha512-6tDA8g98We0zd0GvVeMT9arEOnTw9qM03L9cJXaCjrip1OO764RDBLBfrB4cwzNGDj5OA5ioymC9GkizgWJDUg==",
					"requires": {
						"indent-string": "^4.0.0",
						"strip-indent": "^3.0.0"
					}
				},
				"regenerator-runtime": {
					"version": "0.13.9",
					"resolved": "https://registry.npmjs.org/regenerator-runtime/-/regenerator-runtime-0.13.9.tgz",
					"integrity": "sha512-p3VT+cOEgxFsRRA9X4lkI1E+k2/CtnKtU4gcxyaCUreilL/vqI6CdZ3wxVUx3UOUg+gnUOQQcRI7BmSI656MYA=="
				},
				"source-map": {
					"version": "0.6.1",
					"resolved": "https://registry.npmjs.org/source-map/-/source-map-0.6.1.tgz",
					"integrity": "sha512-UjgapumWlbMhkBgzT7Ykc5YXUT46F0iKu8SGXq0bcwP5dz/h0Plj6enJqjz1Zbq2l5WaqYnrVbwWOWMyF3F47g=="
				},
				"source-map-resolve": {
					"version": "0.6.0",
					"resolved": "https://registry.npmjs.org/source-map-resolve/-/source-map-resolve-0.6.0.tgz",
					"integrity": "sha512-KXBr9d/fO/bWo97NXsPIAW1bFSBOuCnjbNTBMO7N59hsv5i9yzRDfcYwwt0l04+VqnKC+EwzvJZIP/qkuMgR/w==",
					"requires": {
						"atob": "^2.1.2",
						"decode-uri-component": "^0.2.0"
					}
				},
				"strip-indent": {
					"version": "3.0.0",
					"resolved": "https://registry.npmjs.org/strip-indent/-/strip-indent-3.0.0.tgz",
					"integrity": "sha512-laJTa3Jb+VQpaC6DseHhF7dXVqHTfJPCRDaEbid/drOhgitgYku/letMUqOXFoWV0zIIUbjpdH2t+tYj4bQMRQ==",
					"requires": {
						"min-indent": "^1.0.0"
					}
				},
				"supports-color": {
					"version": "7.2.0",
					"resolved": "https://registry.npmjs.org/supports-color/-/supports-color-7.2.0.tgz",
					"integrity": "sha512-qpCAvRl9stuOHveKsn7HncJRvv501qIacKzQlO/+Lwxc9+0q2wLyv4Dfvt80/DPn2pqOBsJdDiogXGR9+OvwRw==",
					"requires": {
						"has-flag": "^4.0.0"
					}
				}
			}
		},
		"@testing-library/user-event": {
			"version": "12.8.3",
			"resolved": "https://registry.npmjs.org/@testing-library/user-event/-/user-event-12.8.3.tgz",
			"integrity": "sha512-IR0iWbFkgd56Bu5ZI/ej8yQwrkCv8Qydx6RzwbKz9faXazR/+5tvYKsZQgyXJiwgpcva127YO6JcWy7YlCfofQ==",
			"requires": {
				"@babel/runtime": "^7.12.5"
			},
			"dependencies": {
				"@babel/runtime": {
					"version": "7.15.4",
					"resolved": "https://registry.npmjs.org/@babel/runtime/-/runtime-7.15.4.tgz",
					"integrity": "sha512-99catp6bHCaxr4sJ/DbTGgHS4+Rs2RVd2g7iOap6SLGPDknRK9ztKNsE/Fg6QhSeh1FGE5f6gHGQmvvn3I3xhw==",
					"requires": {
						"regenerator-runtime": "^0.13.4"
					}
				},
				"regenerator-runtime": {
					"version": "0.13.9",
					"resolved": "https://registry.npmjs.org/regenerator-runtime/-/regenerator-runtime-0.13.9.tgz",
					"integrity": "sha512-p3VT+cOEgxFsRRA9X4lkI1E+k2/CtnKtU4gcxyaCUreilL/vqI6CdZ3wxVUx3UOUg+gnUOQQcRI7BmSI656MYA=="
				}
			}
		},
		"@types/lodash": {
			"version": "4.14.175",
			"resolved": "https://registry.npmjs.org/@types/lodash/-/lodash-4.14.175.tgz",
			"integrity": "sha512-XmdEOrKQ8a1Y/yxQFOMbC47G/V2VDO1GvMRnl4O75M4GW/abC5tnfzadQYkqEveqRM1dEJGFFegfPNA2vvx2iw==",
			"dev": true
		},
		"@types/react": {
			"version": "17.0.30",
			"resolved": "https://registry.npmjs.org/@types/react/-/react-17.0.30.tgz",
			"integrity": "sha512-3Dt/A8gd3TCXi2aRe84y7cK1K8G+N9CZRDG8kDGguOKa0kf/ZkSwTmVIDPsm/KbQOVMaDJXwhBtuOXxqwdpWVg==",
			"requires": {
				"@types/prop-types": "*",
				"@types/scheduler": "*",
				"csstype": "^3.0.2"
			},
			"dependencies": {
				"@types/prop-types": {
					"version": "15.7.4",
					"resolved": "https://registry.npmjs.org/@types/prop-types/-/prop-types-15.7.4.tgz",
					"integrity": "sha512-rZ5drC/jWjrArrS8BR6SIr4cWpW09RNTYt9AMZo3Jwwif+iacXAqgVjm0B0Bv/S1jhDXKHqRVNCbACkJ89RAnQ=="
				},
				"@types/scheduler": {
					"version": "0.16.2",
					"resolved": "https://registry.npmjs.org/@types/scheduler/-/scheduler-0.16.2.tgz",
					"integrity": "sha512-hppQEBDmlwhFAXKJX2KnWLYu5yMfi91yazPb2l+lbJiwW+wdo1gNeRA+3RgNSO39WYX2euey41KEwnqesU2Jew=="
				},
				"csstype": {
					"version": "3.0.9",
					"resolved": "https://registry.npmjs.org/csstype/-/csstype-3.0.9.tgz",
					"integrity": "sha512-rpw6JPxK6Rfg1zLOYCSwle2GFOOsnjmDYDaBwEcwoOg4qlsIVCN789VkBZDJAGi4T07gI4YSutR43t9Zz4Lzuw=="
				}
			}
		},
		"@types/react-dom": {
			"version": "17.0.9",
			"resolved": "https://registry.npmjs.org/@types/react-dom/-/react-dom-17.0.9.tgz",
			"integrity": "sha512-wIvGxLfgpVDSAMH5utdL9Ngm5Owu0VsGmldro3ORLXV8CShrL8awVj06NuEXFQ5xyaYfdca7Sgbk/50Ri1GdPg==",
			"requires": {
				"@types/react": "*"
			}
		},
		"dayjs": {
			"version": "1.10.5",
			"resolved": "https://registry.npmjs.org/dayjs/-/dayjs-1.10.5.tgz",
			"integrity": "sha512-BUFis41ikLz+65iH6LHQCDm4YPMj5r1YFLdupPIyM4SGcXMmtiLQ7U37i+hGS8urIuqe7I/ou3IS1jVc4nbN4g=="
		},
		"react-dom": {
			"version": "17.0.2",
			"resolved": "https://registry.npmjs.org/react-dom/-/react-dom-17.0.2.tgz",
			"integrity": "sha512-s4h96KtLDUQlsENhMn1ar8t2bEa+q/YAtj8pPPdIjPDGBDIVNsrD9aXNWqspUe6AzKCIG0C1HZZLqLV7qpOBGA==",
			"requires": {
				"loose-envify": "^1.1.0",
				"object-assign": "^4.1.1",
				"scheduler": "^0.20.2"
			},
			"dependencies": {
				"js-tokens": {
					"version": "4.0.0",
					"resolved": "https://registry.npmjs.org/js-tokens/-/js-tokens-4.0.0.tgz",
					"integrity": "sha512-RdJUflcE3cUzKiMqQgsCu06FPu9UdIJO0beYbPhHN4k6apgJtifcoCtT9bcxOpYBtpD2kCM6Sbzg4CausW/PKQ=="
				},
				"loose-envify": {
					"version": "1.4.0",
					"resolved": "https://registry.npmjs.org/loose-envify/-/loose-envify-1.4.0.tgz",
					"integrity": "sha512-lyuxPGr/Wfhrlem2CL/UcnUc1zcqKAImBDzukY7Y5F/yQiNdko6+fRLevlw1HgMySw7f611UIY408EtxRSoK3Q==",
					"requires": {
						"js-tokens": "^3.0.0 || ^4.0.0"
					}
				},
				"object-assign": {
					"version": "4.1.1",
					"resolved": "https://registry.npmjs.org/object-assign/-/object-assign-4.1.1.tgz",
					"integrity": "sha1-IQmtx5ZYh8/AXLvUQsrIv7s2CGM="
				},
				"scheduler": {
					"version": "0.20.2",
					"resolved": "https://registry.npmjs.org/scheduler/-/scheduler-0.20.2.tgz",
					"integrity": "sha512-2eWfGgAqqWFGqtdMmcL5zCMK1U8KlXv8SQFGglL3CEtd0aDVDWgeF/YoCmvln55m5zSk3J/20hTaSBeSObsQDQ==",
					"requires": {
						"loose-envify": "^1.1.0",
						"object-assign": "^4.1.1"
					}
				}
			}
		},
		"tslib": {
			"version": "2.3.1",
			"resolved": "https://registry.npmjs.org/tslib/-/tslib-2.3.1.tgz",
			"integrity": "sha512-77EbyPPpMz+FRFRuAFlWMtmgUWGe9UOG2Z25NqCwiIjRhOf5iKGuzSe5P2w1laq+FkRy4p+PCuVkJSGkzTEKVw=="
		},
		"typescript": {
			"version": "4.4.4",
			"resolved": "https://registry.npmjs.org/typescript/-/typescript-4.4.4.tgz",
			"integrity": "sha512-DqGhF5IKoBl8WNf8C1gu8q0xZSInh9j1kJJMqT3a94w1JzVaBU4EXOSMrz9yDqMT0xt3selp83fuFMQ0uzv6qA=="
		}
	}
}
