{
    "name": "@pankod/refine",
    "version": "2.2.3",
    "lockfileVersion": 1,
    "requires": true,
    "dependencies": {
        "@ant-design/colors": {
            "version": "6.0.0",
            "resolved": "https://registry.npmjs.org/@ant-design/colors/-/colors-6.0.0.tgz",
            "integrity": "sha512-qAZRvPzfdWHtfameEGP2Qvuf838NhergR35o+EuVyB5XvSA98xod5r4utvi4TJ3ywmevm290g9nsCG5MryrdWQ==",
            "requires": {
                "@ctrl/tinycolor": "^3.4.0"
            }
        },
        "@ant-design/icons-svg": {
            "version": "4.2.1",
            "resolved": "https://registry.npmjs.org/@ant-design/icons-svg/-/icons-svg-4.2.1.tgz",
            "integrity": "sha512-EB0iwlKDGpG93hW8f85CTJTs4SvMX7tt5ceupvhALp1IF44SeUFOMhKUOYqpsoYWQKAOuTRDMqn75rEaKDp0Xw=="
        },
        "@ant-design/react-slick": {
            "version": "0.28.4",
            "resolved": "https://registry.npmjs.org/@ant-design/react-slick/-/react-slick-0.28.4.tgz",
            "integrity": "sha512-j9eAHTn7GxbXUFNknJoHS2ceAsqrQi2j8XykjZE1IXCD8kJF+t28EvhBLniDpbOsBk/3kjalnhriTfZcjBHNqg==",
            "requires": {
                "@babel/runtime": "^7.10.4",
                "classnames": "^2.2.5",
                "json2mq": "^0.2.0",
                "lodash": "^4.17.21",
                "resize-observer-polyfill": "^1.5.0"
            },
            "dependencies": {
                "lodash": {
                    "version": "4.17.21",
                    "resolved": "https://registry.npmjs.org/lodash/-/lodash-4.17.21.tgz",
                    "integrity": "sha512-v2kDEe57lecTulaDIuNTPy3Ry4gLGJ6Z1O3vE1krgXZNrsQ+LFTGHVxVjcXPs17LhbZVGedAJv8XZ1tvj5FvSg=="
                }
            }
        },
        "@babel/runtime": {
            "version": "7.16.3",
            "resolved": "https://registry.npmjs.org/@babel/runtime/-/runtime-7.16.3.tgz",
            "integrity": "sha512-WBwekcqacdY2e9AF/Q7WLFUWmdJGJTkbjqTjoMDgXkVZ3ZRUvOPsLb5KdwISoQVsbP+DQzVZW4Zhci0DvpbNTQ==",
            "requires": {
                "regenerator-runtime": "^0.13.4"
            }
        },
        "@ctrl/tinycolor": {
            "version": "3.4.0",
            "resolved": "https://registry.npmjs.org/@ctrl/tinycolor/-/tinycolor-3.4.0.tgz",
            "integrity": "sha512-JZButFdZ1+/xAfpguQHoabIXkcqRRKpMrWKBkpEZZyxfY9C1DpADFB8PEqGSTeFr135SaTRfKqGKx5xSCLI7ZQ=="
        },
        "antd": {
            "version": "4.17.1",
            "resolved": "https://registry.npmjs.org/antd/-/antd-4.17.1.tgz",
            "integrity": "sha512-GNVuVnWJjFE1r3AGYc7vhy+gzlDAimAAZMTNCZdAncLBDN7gCTrf8euSb+C0TEqr7UV26yNGBQ9yGoeUcHUdSA==",
            "requires": {
                "@ant-design/colors": "^6.0.0",
                "@ant-design/icons": "^4.7.0",
                "@ant-design/react-slick": "~0.28.1",
                "@babel/runtime": "^7.12.5",
                "@ctrl/tinycolor": "^3.4.0",
                "array-tree-filter": "^2.1.0",
                "classnames": "^2.2.6",
                "copy-to-clipboard": "^3.2.0",
                "lodash": "^4.17.21",
                "moment": "^2.25.3",
                "rc-cascader": "~2.1.0",
                "rc-checkbox": "~2.3.0",
                "rc-collapse": "~3.1.0",
                "rc-dialog": "~8.6.0",
                "rc-drawer": "~4.4.2",
                "rc-dropdown": "~3.2.0",
                "rc-field-form": "~1.21.0",
                "rc-image": "~5.2.5",
                "rc-input-number": "~7.3.0",
                "rc-mentions": "~1.6.1",
                "rc-menu": "~9.0.12",
                "rc-motion": "^2.4.4",
                "rc-notification": "~4.5.7",
                "rc-pagination": "~3.1.9",
                "rc-picker": "~2.5.17",
                "rc-progress": "~3.1.0",
                "rc-rate": "~2.9.0",
                "rc-resize-observer": "^1.0.0",
                "rc-select": "~13.1.0-alpha.0",
                "rc-slider": "~9.7.4",
                "rc-steps": "~4.1.0",
                "rc-switch": "~3.2.0",
                "rc-table": "~7.19.0",
                "rc-tabs": "~11.10.0",
                "rc-textarea": "~0.3.0",
                "rc-tooltip": "~5.1.1",
                "rc-tree": "~5.2.0",
                "rc-tree-select": "~4.6.0",
                "rc-trigger": "^5.2.10",
                "rc-upload": "~4.3.0",
                "rc-util": "^5.14.0",
                "scroll-into-view-if-needed": "^2.2.25"
            },
            "dependencies": {
                "@ant-design/icons": {
                    "version": "4.7.0",
                    "resolved": "https://registry.npmjs.org/@ant-design/icons/-/icons-4.7.0.tgz",
                    "integrity": "sha512-aoB4Z7JA431rt6d4u+8xcNPPCrdufSRMUOpxa1ab6mz1JCQZOEVolj2WVs/tDFmN62zzK30mNelEsprLYsSF3g==",
                    "requires": {
                        "@ant-design/colors": "^6.0.0",
                        "@ant-design/icons-svg": "^4.2.1",
                        "@babel/runtime": "^7.11.2",
                        "classnames": "^2.2.6",
                        "rc-util": "^5.9.4"
                    }
                },
                "lodash": {
                    "version": "4.17.21",
                    "resolved": "https://registry.npmjs.org/lodash/-/lodash-4.17.21.tgz",
                    "integrity": "sha512-v2kDEe57lecTulaDIuNTPy3Ry4gLGJ6Z1O3vE1krgXZNrsQ+LFTGHVxVjcXPs17LhbZVGedAJv8XZ1tvj5FvSg=="
                }
            }
        },
        "array-tree-filter": {
            "version": "2.1.0",
            "resolved": "https://registry.npmjs.org/array-tree-filter/-/array-tree-filter-2.1.0.tgz",
            "integrity": "sha512-4ROwICNlNw/Hqa9v+rk5h22KjmzB1JGTMVKP2AKJBOCgb0yL0ASf0+YvCcLNNwquOHNX48jkeZIJ3a+oOQqKcw=="
        },
        "async-validator": {
            "version": "4.0.7",
            "resolved": "https://registry.npmjs.org/async-validator/-/async-validator-4.0.7.tgz",
            "integrity": "sha512-Pj2IR7u8hmUEDOwB++su6baaRi+QvsgajuFB9j95foM1N2gy5HM4z60hfusIO0fBPG5uLAEl6yCJr1jNSVugEQ=="
        },
        "classnames": {
            "version": "2.3.1",
            "resolved": "https://registry.npmjs.org/classnames/-/classnames-2.3.1.tgz",
            "integrity": "sha512-OlQdbZ7gLfGarSqxesMesDa5uz7KFbID8Kpq/SxIoNGDqY8lSYs0D+hhtBXhcdB3rcbXArFr7vlHheLk1voeNA=="
        },
        "compute-scroll-into-view": {
            "version": "1.0.17",
            "resolved": "https://registry.npmjs.org/compute-scroll-into-view/-/compute-scroll-into-view-1.0.17.tgz",
            "integrity": "sha512-j4dx+Fb0URmzbwwMUrhqWM2BEWHdFGx+qZ9qqASHRPqvTYdqvWnHg0H1hIbcyLnvgnoNAVMlwkepyqM3DaIFUg=="
        },
        "copy-to-clipboard": {
            "version": "3.3.1",
            "resolved": "https://registry.npmjs.org/copy-to-clipboard/-/copy-to-clipboard-3.3.1.tgz",
            "integrity": "sha512-i13qo6kIHTTpCm8/Wup+0b1mVWETvu2kIMzKoK8FpkLkFxlt0znUAHcMzox+T8sPlqtZXq3CulEjQHsYiGFJUw==",
            "requires": {
                "toggle-selection": "^1.0.6"
            }
        },
        "date-fns": {
            "version": "2.26.0",
            "resolved": "https://registry.npmjs.org/date-fns/-/date-fns-2.26.0.tgz",
            "integrity": "sha512-VQI812dRi3cusdY/fhoBKvc6l2W8BPWU1FNVnFH9Nttjx4AFBRzfSVb/Eyc7jBT6e9sg1XtAGsYpBQ6c/jygbg=="
        },
        "dom-align": {
            "version": "1.12.2",
            "resolved": "https://registry.npmjs.org/dom-align/-/dom-align-1.12.2.tgz",
            "integrity": "sha512-pHuazgqrsTFrGU2WLDdXxCFabkdQDx72ddkraZNih1KsMcN5qsRSTR9O4VJRlwTPCPb5COYg3LOfiMHHcPInHg=="
        },
        "js-tokens": {
            "version": "4.0.0",
            "resolved": "https://registry.npmjs.org/js-tokens/-/js-tokens-4.0.0.tgz",
            "integrity": "sha512-RdJUflcE3cUzKiMqQgsCu06FPu9UdIJO0beYbPhHN4k6apgJtifcoCtT9bcxOpYBtpD2kCM6Sbzg4CausW/PKQ=="
        },
        "json2mq": {
            "version": "0.2.0",
            "resolved": "https://registry.npmjs.org/json2mq/-/json2mq-0.2.0.tgz",
            "integrity": "sha1-tje9O6nqvhIsg+lyBIOusQ0skEo=",
            "requires": {
                "string-convert": "^0.2.0"
            }
        },
        "loose-envify": {
            "version": "1.4.0",
            "resolved": "https://registry.npmjs.org/loose-envify/-/loose-envify-1.4.0.tgz",
            "integrity": "sha512-lyuxPGr/Wfhrlem2CL/UcnUc1zcqKAImBDzukY7Y5F/yQiNdko6+fRLevlw1HgMySw7f611UIY408EtxRSoK3Q==",
            "requires": {
                "js-tokens": "^3.0.0 || ^4.0.0"
            }
        },
        "moment": {
            "version": "2.29.1",
            "resolved": "https://registry.npmjs.org/moment/-/moment-2.29.1.tgz",
            "integrity": "sha512-kHmoybcPV8Sqy59DwNDY3Jefr64lK/by/da0ViFcuA4DH0vQg5Q6Ze5VimxkfQNSC+Mls/Kx53s7TjP1RhFEDQ=="
        },
        "rc-align": {
            "version": "4.0.11",
            "resolved": "https://registry.npmjs.org/rc-align/-/rc-align-4.0.11.tgz",
            "integrity": "sha512-n9mQfIYQbbNTbefyQnRHZPWuTEwG1rY4a9yKlIWHSTbgwI+XUMGRYd0uJ5pE2UbrNX0WvnMBA1zJ3Lrecpra/A==",
            "requires": {
                "@babel/runtime": "^7.10.1",
                "classnames": "2.x",
                "dom-align": "^1.7.0",
                "lodash": "^4.17.21",
                "rc-util": "^5.3.0",
                "resize-observer-polyfill": "^1.5.1"
            },
            "dependencies": {
                "lodash": {
                    "version": "4.17.21",
                    "resolved": "https://registry.npmjs.org/lodash/-/lodash-4.17.21.tgz",
                    "integrity": "sha512-v2kDEe57lecTulaDIuNTPy3Ry4gLGJ6Z1O3vE1krgXZNrsQ+LFTGHVxVjcXPs17LhbZVGedAJv8XZ1tvj5FvSg=="
                }
            }
        },
        "rc-cascader": {
            "version": "2.1.5",
            "resolved": "https://registry.npmjs.org/rc-cascader/-/rc-cascader-2.1.5.tgz",
            "integrity": "sha512-FiGPfSxKmSft2CT2XSr6HeKihqcxM+1ozmH6FGXTDthVNNvV0ai82CA6l30iPmMmlflwDfSm/623qkekqNq4BQ==",
            "requires": {
                "@babel/runtime": "^7.12.5",
                "array-tree-filter": "^2.1.0",
                "rc-tree-select": "~4.6.0",
                "rc-trigger": "^5.0.4",
                "rc-util": "^5.0.1",
                "warning": "^4.0.1"
            }
        },
        "rc-checkbox": {
            "version": "2.3.2",
            "resolved": "https://registry.npmjs.org/rc-checkbox/-/rc-checkbox-2.3.2.tgz",
            "integrity": "sha512-afVi1FYiGv1U0JlpNH/UaEXdh6WUJjcWokj/nUN2TgG80bfG+MDdbfHKlLcNNba94mbjy2/SXJ1HDgrOkXGAjg==",
            "requires": {
                "@babel/runtime": "^7.10.1",
                "classnames": "^2.2.1"
            }
        },
        "rc-collapse": {
            "version": "3.1.2",
            "resolved": "https://registry.npmjs.org/rc-collapse/-/rc-collapse-3.1.2.tgz",
            "integrity": "sha512-HujcKq7mghk/gVKeI6EjzTbb8e19XUZpakrYazu1MblEZ3Hu3WBMSN4A3QmvbF6n1g7x6lUlZvsHZ5shABWYOQ==",
            "requires": {
                "@babel/runtime": "^7.10.1",
                "classnames": "2.x",
                "rc-motion": "^2.3.4",
                "rc-util": "^5.2.1",
                "shallowequal": "^1.1.0"
            }
        },
        "rc-dialog": {
            "version": "8.6.0",
            "resolved": "https://registry.npmjs.org/rc-dialog/-/rc-dialog-8.6.0.tgz",
            "integrity": "sha512-GSbkfqjqxpZC5/zc+8H332+q5l/DKUhpQr0vdX2uDsxo5K0PhvaMEVjyoJUTkZ3+JstEADQji1PVLVb/2bJeOQ==",
            "requires": {
                "@babel/runtime": "^7.10.1",
                "classnames": "^2.2.6",
                "rc-motion": "^2.3.0",
                "rc-util": "^5.6.1"
            }
        },
        "rc-drawer": {
            "version": "4.4.3",
            "resolved": "https://registry.npmjs.org/rc-drawer/-/rc-drawer-4.4.3.tgz",
            "integrity": "sha512-FYztwRs3uXnFOIf1hLvFxIQP9MiZJA+0w+Os8dfDh/90X7z/HqP/Yg+noLCIeHEbKln1Tqelv8ymCAN24zPcfQ==",
            "requires": {
                "@babel/runtime": "^7.10.1",
                "classnames": "^2.2.6",
                "rc-util": "^5.7.0"
            }
        },
        "rc-dropdown": {
            "version": "3.2.0",
            "resolved": "https://registry.npmjs.org/rc-dropdown/-/rc-dropdown-3.2.0.tgz",
            "integrity": "sha512-j1HSw+/QqlhxyTEF6BArVZnTmezw2LnSmRk6I9W7BCqNCKaRwleRmMMs1PHbuaG8dKHVqP6e21RQ7vPBLVnnNw==",
            "requires": {
                "@babel/runtime": "^7.10.1",
                "classnames": "^2.2.6",
                "rc-trigger": "^5.0.4"
            }
        },
        "rc-field-form": {
            "version": "1.21.2",
            "resolved": "https://registry.npmjs.org/rc-field-form/-/rc-field-form-1.21.2.tgz",
            "integrity": "sha512-LR/bURt/Tf5g39mb0wtMtQuWn42d/7kEzpzlC5fNC7yaRVmLTtlPP4sBBlaViETM9uZQKLoaB0Pt9Mubhm9gow==",
            "requires": {
                "@babel/runtime": "^7.8.4",
                "async-validator": "^4.0.2",
                "rc-util": "^5.8.0"
            }
        },
        "rc-image": {
            "version": "5.2.5",
            "resolved": "https://registry.npmjs.org/rc-image/-/rc-image-5.2.5.tgz",
            "integrity": "sha512-qUfZjYIODxO0c8a8P5GeuclYXZjzW4hV/5hyo27XqSFo1DmTCs2HkVeQObkcIk5kNsJtgsj1KoPThVsSc/PXOw==",
            "requires": {
                "@babel/runtime": "^7.11.2",
                "classnames": "^2.2.6",
                "rc-dialog": "~8.6.0",
                "rc-util": "^5.0.6"
            }
        },
        "rc-input-number": {
            "version": "7.3.4",
            "resolved": "https://registry.npmjs.org/rc-input-number/-/rc-input-number-7.3.4.tgz",
            "integrity": "sha512-W9uqSzuvJUnz8H8vsVY4kx+yK51SsAxNTwr8SNH4G3XqQNocLVmKIibKFRjocnYX1RDHMND9FFbgj2h7E7nvGA==",
            "requires": {
                "@babel/runtime": "^7.10.1",
                "classnames": "^2.2.5",
                "rc-util": "^5.9.8"
            }
        },
        "rc-mentions": {
            "version": "1.6.1",
            "resolved": "https://registry.npmjs.org/rc-mentions/-/rc-mentions-1.6.1.tgz",
            "integrity": "sha512-LDzGI8jJVGnkhpTZxZuYBhMz3avcZZqPGejikchh97xPni/g4ht714Flh7DVvuzHQ+BoKHhIjobHnw1rcP8erg==",
            "requires": {
                "@babel/runtime": "^7.10.1",
                "classnames": "^2.2.6",
                "rc-menu": "^9.0.0",
                "rc-textarea": "^0.3.0",
                "rc-trigger": "^5.0.4",
                "rc-util": "^5.0.1"
            }
        },
        "rc-menu": {
            "version": "9.0.14",
            "resolved": "https://registry.npmjs.org/rc-menu/-/rc-menu-9.0.14.tgz",
            "integrity": "sha512-CIox5mZeLDAi32SlHrV7UeSjv7tmJJhwRyxQtZCKt351w3q59XlL4WMFOmtT9gwIfP9h0XoxdBZUMe/xzkp78A==",
            "requires": {
                "@babel/runtime": "^7.10.1",
                "classnames": "2.x",
                "rc-motion": "^2.4.3",
                "rc-overflow": "^1.2.0",
                "rc-trigger": "^5.1.2",
                "rc-util": "^5.12.0",
                "shallowequal": "^1.1.0"
            }
        },
        "rc-motion": {
            "version": "2.4.4",
            "resolved": "https://registry.npmjs.org/rc-motion/-/rc-motion-2.4.4.tgz",
            "integrity": "sha512-ms7n1+/TZQBS0Ydd2Q5P4+wJTSOrhIrwNxLXCZpR7Fa3/oac7Yi803HDALc2hLAKaCTQtw9LmQeB58zcwOsqlQ==",
            "requires": {
                "@babel/runtime": "^7.11.1",
                "classnames": "^2.2.1",
                "rc-util": "^5.2.1"
            }
        },
        "rc-notification": {
            "version": "4.5.7",
            "resolved": "https://registry.npmjs.org/rc-notification/-/rc-notification-4.5.7.tgz",
            "integrity": "sha512-zhTGUjBIItbx96SiRu3KVURcLOydLUHZCPpYEn1zvh+re//Tnq/wSxN4FKgp38n4HOgHSVxcLEeSxBMTeBBDdw==",
            "requires": {
                "@babel/runtime": "^7.10.1",
                "classnames": "2.x",
                "rc-motion": "^2.2.0",
                "rc-util": "^5.0.1"
            }
        },
        "rc-overflow": {
            "version": "1.2.2",
            "resolved": "https://registry.npmjs.org/rc-overflow/-/rc-overflow-1.2.2.tgz",
            "integrity": "sha512-X5kj9LDU1ue5wHkqvCprJWLKC+ZLs3p4He/oxjZ1Q4NKaqKBaYf5OdSzRSgh3WH8kSdrfU8LjvlbWnHgJOEkNQ==",
            "requires": {
                "@babel/runtime": "^7.11.1",
                "classnames": "^2.2.1",
                "rc-resize-observer": "^1.0.0",
                "rc-util": "^5.5.1"
            }
        },
        "rc-pagination": {
            "version": "3.1.14",
            "resolved": "https://registry.npmjs.org/rc-pagination/-/rc-pagination-3.1.14.tgz",
            "integrity": "sha512-tcugvxrtPiVU00Uh0IwC8NIUlxa4KtA9pXcaMNJdSHeO2uQqVkHEwllsULTAWRF3zRV2ozo2weP/DRKIUrX+Zg==",
            "requires": {
                "@babel/runtime": "^7.10.1",
                "classnames": "^2.2.1"
            }
        },
        "rc-picker": {
            "version": "2.5.19",
            "resolved": "https://registry.npmjs.org/rc-picker/-/rc-picker-2.5.19.tgz",
            "integrity": "sha512-u6myoCu/qiQ0vLbNzSzNrzTQhs7mldArCpPHrEI6OUiifs+IPXmbesqSm0zilJjfzrZJLgYeyyOMSznSlh0GKA==",
            "requires": {
                "@babel/runtime": "^7.10.1",
                "classnames": "^2.2.1",
                "date-fns": "2.x",
                "dayjs": "1.x",
                "moment": "^2.24.0",
                "rc-trigger": "^5.0.4",
                "rc-util": "^5.4.0",
                "shallowequal": "^1.1.0"
            },
            "dependencies": {
                "dayjs": {
                    "version": "1.10.7",
                    "resolved": "https://registry.npmjs.org/dayjs/-/dayjs-1.10.7.tgz",
                    "integrity": "sha512-P6twpd70BcPK34K26uJ1KT3wlhpuOAPoMwJzpsIWUxHZ7wpmbdZL/hQqBDfz7hGurYSa5PhzdhDHtt319hL3ig=="
                }
            }
        },
        "rc-progress": {
            "version": "3.1.4",
            "resolved": "https://registry.npmjs.org/rc-progress/-/rc-progress-3.1.4.tgz",
            "integrity": "sha512-XBAif08eunHssGeIdxMXOmRQRULdHaDdIFENQ578CMb4dyewahmmfJRyab+hw4KH4XssEzzYOkAInTLS7JJG+Q==",
            "requires": {
                "@babel/runtime": "^7.10.1",
                "classnames": "^2.2.6"
            }
        },
        "rc-rate": {
            "version": "2.9.1",
            "resolved": "https://registry.npmjs.org/rc-rate/-/rc-rate-2.9.1.tgz",
            "integrity": "sha512-MmIU7FT8W4LYRRHJD1sgG366qKtSaKb67D0/vVvJYR0lrCuRrCiVQ5qhfT5ghVO4wuVIORGpZs7ZKaYu+KMUzA==",
            "requires": {
                "@babel/runtime": "^7.10.1",
                "classnames": "^2.2.5",
                "rc-util": "^5.0.1"
            }
        },
        "rc-resize-observer": {
            "version": "1.0.1",
            "resolved": "https://registry.npmjs.org/rc-resize-observer/-/rc-resize-observer-1.0.1.tgz",
            "integrity": "sha512-OxO2mJI9e8610CAWBFfm52SPvWib0eNKjaSsRbbKHmLaJIxw944P+D61DlLJ/w2vuOjGNcalJu8VdqyNm/XCRg==",
            "requires": {
                "@babel/runtime": "^7.10.1",
                "classnames": "^2.2.1",
                "rc-util": "^5.0.0",
                "resize-observer-polyfill": "^1.5.1"
            }
        },
        "rc-select": {
            "version": "13.1.1",
            "resolved": "https://registry.npmjs.org/rc-select/-/rc-select-13.1.1.tgz",
            "integrity": "sha512-Oy4L27x5QgGR8902pw0bJVjrTWFnKPKvdLHzJl5pjiA+jM1hpzDfLGg/bY2ntk5ElxxQKZUwbFKUeqfCQU7SrQ==",
            "requires": {
                "@babel/runtime": "^7.10.1",
                "classnames": "2.x",
                "rc-motion": "^2.0.1",
                "rc-overflow": "^1.0.0",
                "rc-trigger": "^5.0.4",
                "rc-util": "^5.9.8",
                "rc-virtual-list": "^3.2.0"
            }
        },
        "rc-slider": {
            "version": "9.7.4",
            "resolved": "https://registry.npmjs.org/rc-slider/-/rc-slider-9.7.4.tgz",
            "integrity": "sha512-pjLKLiDKiaL7/pNywfIBD+lDo5TtVo05KuIBSWEIoqu6FHh6IMWvthCiaODuYaVs3RLeF2nXOP5AjkD2Lt2Rwg==",
            "requires": {
                "@babel/runtime": "^7.10.1",
                "classnames": "^2.2.5",
                "rc-tooltip": "^5.0.1",
                "rc-util": "^5.0.0",
                "shallowequal": "^1.1.0"
            }
        },
        "rc-steps": {
            "version": "4.1.4",
            "resolved": "https://registry.npmjs.org/rc-steps/-/rc-steps-4.1.4.tgz",
            "integrity": "sha512-qoCqKZWSpkh/b03ASGx1WhpKnuZcRWmvuW+ZUu4mvMdfvFzVxblTwUM+9aBd0mlEUFmt6GW8FXhMpHkK3Uzp3w==",
            "requires": {
                "@babel/runtime": "^7.10.2",
                "classnames": "^2.2.3",
                "rc-util": "^5.0.1"
            }
        },
        "rc-switch": {
            "version": "3.2.2",
            "resolved": "https://registry.npmjs.org/rc-switch/-/rc-switch-3.2.2.tgz",
            "integrity": "sha512-+gUJClsZZzvAHGy1vZfnwySxj+MjLlGRyXKXScrtCTcmiYNPzxDFOxdQ/3pK1Kt/0POvwJ/6ALOR8gwdXGhs+A==",
            "requires": {
                "@babel/runtime": "^7.10.1",
                "classnames": "^2.2.1",
                "rc-util": "^5.0.1"
            }
        },
        "rc-table": {
            "version": "7.19.2",
            "resolved": "https://registry.npmjs.org/rc-table/-/rc-table-7.19.2.tgz",
            "integrity": "sha512-NdpnoM50MK02H5/hGOsObfxCvGFUG5cHB9turE5BKJ81T5Ycbq193w5tLhnpILXe//Oanzr47MdMxkUnVGP+qg==",
            "requires": {
                "@babel/runtime": "^7.10.1",
                "classnames": "^2.2.5",
                "rc-resize-observer": "^1.0.0",
                "rc-util": "^5.14.0",
                "shallowequal": "^1.1.0"
            }
        },
        "rc-tabs": {
            "version": "11.10.3",
            "resolved": "https://registry.npmjs.org/rc-tabs/-/rc-tabs-11.10.3.tgz",
            "integrity": "sha512-rPxsci+76/nnJowNOBO3LTi4eL6trG49cR9yPc4XbuyHXhCHUujN5F4+jFl7trISy+yVN6gCZ/wiTtVnkcR/UA==",
            "requires": {
                "@babel/runtime": "^7.11.2",
                "classnames": "2.x",
                "rc-dropdown": "^3.2.0",
                "rc-menu": "^9.0.0",
                "rc-resize-observer": "^1.0.0",
                "rc-util": "^5.5.0"
            }
        },
        "rc-textarea": {
            "version": "0.3.5",
            "resolved": "https://registry.npmjs.org/rc-textarea/-/rc-textarea-0.3.5.tgz",
            "integrity": "sha512-qa+k5vDn9ct65qr+SgD2KwJ9Xz6P84lG2z+TDht/RBr71WnM/K61PqHUAcUyU6YqTJD26IXgjPuuhZR7HMw7eA==",
            "requires": {
                "@babel/runtime": "^7.10.1",
                "classnames": "^2.2.1",
                "rc-resize-observer": "^1.0.0",
                "rc-util": "^5.7.0"
            }
        },
        "rc-tooltip": {
            "version": "5.1.1",
            "resolved": "https://registry.npmjs.org/rc-tooltip/-/rc-tooltip-5.1.1.tgz",
            "integrity": "sha512-alt8eGMJulio6+4/uDm7nvV+rJq9bsfxFDCI0ljPdbuoygUscbsMYb6EQgwib/uqsXQUvzk+S7A59uYHmEgmDA==",
            "requires": {
                "@babel/runtime": "^7.11.2",
                "rc-trigger": "^5.0.0"
            }
        },
        "rc-tree": {
            "version": "5.2.2",
            "resolved": "https://registry.npmjs.org/rc-tree/-/rc-tree-5.2.2.tgz",
            "integrity": "sha512-ZQPGi5rGmipXvSUqeMbh0Rm0Cn2zFVWQFvS3sinH+lis5VNCChkFs2dAFpWZnb9/d/SZPeMfYG/x2XFq/q3UTA==",
            "requires": {
                "@babel/runtime": "^7.10.1",
                "classnames": "2.x",
                "rc-motion": "^2.0.1",
                "rc-util": "^5.0.0",
                "rc-virtual-list": "^3.4.1"
            }
        },
        "rc-tree-select": {
            "version": "4.6.3",
            "resolved": "https://registry.npmjs.org/rc-tree-select/-/rc-tree-select-4.6.3.tgz",
            "integrity": "sha512-VymfystOnW8EfoWaWehgB8zpYKgRZf4ILu9KHf7FJZVZ/1dnBEHDqg1bBi43/1BYLwYFKSKKSjkYyNYntWJM4A==",
            "requires": {
                "@babel/runtime": "^7.10.1",
                "classnames": "2.x",
                "rc-select": "~13.1.0-alpha.0",
                "rc-tree": "~5.2.0",
                "rc-util": "^5.7.0"
            }
        },
        "rc-trigger": {
            "version": "5.2.10",
            "resolved": "https://registry.npmjs.org/rc-trigger/-/rc-trigger-5.2.10.tgz",
            "integrity": "sha512-FkUf4H9BOFDaIwu42fvRycXMAvkttph9AlbCZXssZDVzz2L+QZ0ERvfB/4nX3ZFPh1Zd+uVGr1DEDeXxq4J1TA==",
            "requires": {
                "@babel/runtime": "^7.11.2",
                "classnames": "^2.2.6",
                "rc-align": "^4.0.0",
                "rc-motion": "^2.0.0",
                "rc-util": "^5.5.0"
            }
        },
        "rc-upload": {
            "version": "4.3.2",
            "resolved": "https://registry.npmjs.org/rc-upload/-/rc-upload-4.3.2.tgz",
            "integrity": "sha512-v0HdwC/19xKAn1OYZ4hTMUSqSs/IA0n1v4p/cioSSnKubHrdpcCXC45N+TFMSOZtBlf4+xMNCFo3KDih31lAMg==",
            "requires": {
                "@babel/runtime": "^7.10.1",
                "classnames": "^2.2.5",
                "rc-util": "^5.2.0"
            }
        },
        "rc-util": {
            "version": "5.15.0",
            "resolved": "https://registry.npmjs.org/rc-util/-/rc-util-5.15.0.tgz",
            "integrity": "sha512-8RI8sjOCXD3FhD3dzQNBQetpGol6BBd3sHQ/8jSGk9NPT0CH3JGtBfPODnASyE7AdDpCFQMOmgcp9CBs3S/1hg==",
            "requires": {
                "@babel/runtime": "^7.12.5",
                "react-is": "^16.12.0",
                "shallowequal": "^1.1.0"
            }
        },
        "rc-virtual-list": {
            "version": "3.4.2",
            "resolved": "https://registry.npmjs.org/rc-virtual-list/-/rc-virtual-list-3.4.2.tgz",
            "integrity": "sha512-OyVrrPvvFcHvV0ssz5EDZ+7Rf5qLat/+mmujjchNw5FfbJWNDwkpQ99EcVE6+FtNRmX9wFa1LGNpZLUTvp/4GQ==",
            "requires": {
                "classnames": "^2.2.6",
                "rc-resize-observer": "^1.0.0",
                "rc-util": "^5.0.7"
            }
        },
        "react-is": {
            "version": "16.13.1",
            "resolved": "https://registry.npmjs.org/react-is/-/react-is-16.13.1.tgz",
            "integrity": "sha512-24e6ynE2H+OKt4kqsOvNd8kBpV65zoxbA4BVsEOB3ARVWQki/DHzaUoC5KuON/BiccDaCCTZBuOcfZs70kR8bQ=="
        },
        "regenerator-runtime": {
            "version": "0.13.9",
            "resolved": "https://registry.npmjs.org/regenerator-runtime/-/regenerator-runtime-0.13.9.tgz",
            "integrity": "sha512-p3VT+cOEgxFsRRA9X4lkI1E+k2/CtnKtU4gcxyaCUreilL/vqI6CdZ3wxVUx3UOUg+gnUOQQcRI7BmSI656MYA=="
        },
        "resize-observer-polyfill": {
            "version": "1.5.1",
            "resolved": "https://registry.npmjs.org/resize-observer-polyfill/-/resize-observer-polyfill-1.5.1.tgz",
            "integrity": "sha512-LwZrotdHOo12nQuZlHEmtuXdqGoOD0OhaxopaNFxWzInpEgaLWoVuAMbTzixuosCx2nEG58ngzW3vxdWoxIgdg=="
        },
        "scroll-into-view-if-needed": {
            "version": "2.2.28",
            "resolved": "https://registry.npmjs.org/scroll-into-view-if-needed/-/scroll-into-view-if-needed-2.2.28.tgz",
            "integrity": "sha512-8LuxJSuFVc92+0AdNv4QOxRL4Abeo1DgLnGNkn1XlaujPH/3cCFz3QI60r2VNu4obJJROzgnIUw5TKQkZvZI1w==",
            "requires": {
                "compute-scroll-into-view": "^1.0.17"
            }
        },
        "shallowequal": {
            "version": "1.1.0",
            "resolved": "https://registry.npmjs.org/shallowequal/-/shallowequal-1.1.0.tgz",
            "integrity": "sha512-y0m1JoUZSlPAjXVtPPW70aZWfIL/dSP7AFkRnniLCrK/8MDKog3TySTBmckD+RObVxH0v4Tox67+F14PdED2oQ=="
        },
        "string-convert": {
            "version": "0.2.1",
            "resolved": "https://registry.npmjs.org/string-convert/-/string-convert-0.2.1.tgz",
            "integrity": "sha1-aYLMMEn7tM2F+LJFaLnZvznu/5c="
        },
        "toggle-selection": {
            "version": "1.0.6",
            "resolved": "https://registry.npmjs.org/toggle-selection/-/toggle-selection-1.0.6.tgz",
            "integrity": "sha1-bkWxJj8gF/oKzH2J14sVuL932jI="
        },
        "warning": {
            "version": "4.0.3",
            "resolved": "https://registry.npmjs.org/warning/-/warning-4.0.3.tgz",
            "integrity": "sha512-rpJyN222KWIvHJ/F53XSZv0Zl/accqHR8et1kpaMTD/fLCRxtV8iX8czMzY7sVZupTI3zcUTg8eycS2kNF9l6w==",
            "requires": {
                "loose-envify": "^1.0.0"
            }
        }
    }
}
